
Microsoft Visual Studio Solution File, Format Version 12.00
# Visual Studio Version 17
VisualStudioVersion = 17.4.33122.133
MinimumVisualStudioVersion = 10.0.40219.1
Project("{FAE04EC0-301F-11D3-BF4B-00C04F79EFBC}") = "WebApplication1", "WebApplication1\WebApplication1.csproj", "{A263B6C0-31B2-4F39-8E60-BE825B11B042}"
EndProject
Global
	GlobalSection(SolutionConfigurationPlatforms) = preSolution
		Debug|Any CPU = Debug|Any CPU
		Release|Any CPU = Release|Any CPU
	EndGlobalSection
	GlobalSection(ProjectConfigurationPlatforms) = postSolution
		{A263B6C0-31B2-4F39-8E60-BE825B11B042}.Debug|Any CPU.ActiveCfg = Debug|Any CPU
		{A263B6C0-31B2-4F39-8E60-BE825B11B042}.Debug|Any CPU.Build.0 = Debug|Any CPU
		{A263B6C0-31B2-4F39-8E60-BE825B11B042}.Release|Any CPU.ActiveCfg = Release|Any CPU
		{A263B6C0-31B2-4F39-8E60-BE825B11B042}.Release|Any CPU.Build.0 = Release|Any CPU
	EndGlobalSection
	GlobalSection(SolutionProperties) = preSolution
		HideSolutionNode = FALSE
	EndGlobalSection
	GlobalSection(ExtensibilityGlobals) = postSolution
		SolutionGuid = {D18773EC-719B-4610-A965-9851CAD4A898}
	EndGlobalSection
EndGlobal
